
Microsoft Visual Studio Solution File, Format Version 12.00
# Visual Studio Version 17
VisualStudioVersion = 17.13.35818.85
MinimumVisualStudioVersion = 10.0.40219.1
Project("{FAE04EC0-301F-11D3-BF4B-00C04F79EFBC}") = "Admin_Dashboard", "Admin_Dashboard\Admin_Dashboard.csproj", "{BBFBBA31-621E-47FA-A830-E09469E52A85}"
EndProject
Global
	GlobalSection(SolutionConfigurationPlatforms) = preSolution
		Debug|Any CPU = Debug|Any CPU
		Release|Any CPU = Release|Any CPU
	EndGlobalSection
	GlobalSection(ProjectConfigurationPlatforms) = postSolution
		{BBFBBA31-621E-47FA-A830-E09469E52A85}.Debug|Any CPU.ActiveCfg = Debug|Any CPU
		{BBFBBA31-621E-47FA-A830-E09469E52A85}.Debug|Any CPU.Build.0 = Debug|Any CPU
		{BBFBBA31-621E-47FA-A830-E09469E52A85}.Release|Any CPU.ActiveCfg = Release|Any CPU
		{BBFBBA31-621E-47FA-A830-E09469E52A85}.Release|Any CPU.Build.0 = Release|Any CPU
	EndGlobalSection
	GlobalSection(SolutionProperties) = preSolution
		HideSolutionNode = FALSE
	EndGlobalSection
	GlobalSection(ExtensibilityGlobals) = postSolution
		SolutionGuid = {E51ED2B3-799C-4908-A2BF-8AE492CBB058}
	EndGlobalSection
EndGlobal
